
Microsoft Visual Studio Solution File, Format Version 12.00
# Visual Studio Version 17
VisualStudioVersion = 17.5.33424.131
MinimumVisualStudioVersion = 10.0.40219.1
Project("{FAE04EC0-301F-11D3-BF4B-00C04F79EFBC}") = "Adressbuch", "Adressbuch\Adressbuch.csproj", "{2368AA15-7466-4A76-9E3D-C4AD2E299292}"
EndProject
Global
	GlobalSection(SolutionConfigurationPlatforms) = preSolution
		Debug|Any CPU = Debug|Any CPU
		Release|Any CPU = Release|Any CPU
	EndGlobalSection
	GlobalSection(ProjectConfigurationPlatforms) = postSolution
		{2368AA15-7466-4A76-9E3D-C4AD2E299292}.Debug|Any CPU.ActiveCfg = Debug|Any CPU
		{2368AA15-7466-4A76-9E3D-C4AD2E299292}.Debug|Any CPU.Build.0 = Debug|Any CPU
		{2368AA15-7466-4A76-9E3D-C4AD2E299292}.Release|Any CPU.ActiveCfg = Release|Any CPU
		{2368AA15-7466-4A76-9E3D-C4AD2E299292}.Release|Any CPU.Build.0 = Release|Any CPU
	EndGlobalSection
	GlobalSection(SolutionProperties) = preSolution
		HideSolutionNode = FALSE
	EndGlobalSection
	GlobalSection(ExtensibilityGlobals) = postSolution
		SolutionGuid = {2A9A60C0-CECE-49C3-81FE-6F153F7FB134}
	EndGlobalSection
EndGlobal
